{"format_version":"1.2","terraform_version":"1.12.2","variables":{"environment":{"value":"workshop"},"instance_type":{"value":"t3.micro"},"key_pair_name":{"value":""},"private_subnet_cidr":{"value":"10.0.2.0/24"},"project_name":{"value":"terraform-atlantis-workshop"},"public_subnet_cidr":{"value":"10.0.1.0/24"},"region":{"value":"us-east-1"},"s3_bucket_suffix":{"value":"workshop-bucket"},"vpc_cidr":{"value":"10.0.0.0/16"}},"planned_values":{"outputs":{"instance_id":{"sensitive":false,"type":"string","value":"i-7efb65299c12fc069"},"instance_public_dns":{"sensitive":false,"type":"string","value":"ec2-54-214-3-193.compute-1.amazonaws.com"},"instance_public_ip":{"sensitive":false,"type":"string","value":"54.214.3.193"},"private_subnet_id":{"sensitive":false,"type":"string","value":"subnet-b1510849994ddcdc7"},"public_subnet_id":{"sensitive":false,"type":"string","value":"subnet-e85e6f3485bbbd220"},"s3_bucket_arn":{"sensitive":false,"type":"string","value":"arn:aws:s3:::terraform-atlantis-workshop-workshop-bucket"},"s3_bucket_domain_name":{"sensitive":false,"type":"string","value":"terraform-atlantis-workshop-workshop-bucket.s3.amazonaws.com"},"s3_bucket_id":{"sensitive":false,"type":"string","value":"terraform-atlantis-workshop-workshop-bucket"},"security_group_id":{"sensitive":false,"type":"string","value":"sg-4b4603de0264601db"},"vpc_id":{"sensitive":false,"type":"string","value":"vpc-33c3188b14f9b1db1"},"website_url":{"sensitive":false,"type":"string","value":"http://ec2-54-214-3-193.compute-1.amazonaws.com"}},"root_module":{"resources":[{"address":"aws_instance.policy_test_expensive","mode":"managed","type":"aws_instance","name":"policy_test_expensive","provider_name":"registry.terraform.io/hashicorp/aws","schema_version":1,"values":{"ami":"ami-04681a1dbd79675a5","credit_specification":[],"get_password_data":false,"hibernation":null,"instance_type":"m5.large","launch_template":[],"source_dest_check":true,"subnet_id":"subnet-e85e6f3485bbbd220","tags":{"CostCenter":"workshop","Environment":"test","Name":"policy-test-expensive","Project":"terraform-atlantis-workshop"},"tags_all":{"CostCenter":"workshop","Environment":"test","ManagedBy":"Terraform","Name":"policy-test-expensive","Project":"terraform-atlantis-workshop","Provider":"LocalStack"},"timeouts":null,"user_data_replace_on_change":false,"volume_tags":null,"vpc_security_group_ids":["sg-4b4603de0264601db"]},"sensitive_values":{"capacity_reservation_specification":[],"cpu_options":[],"credit_specification":[],"ebs_block_device":[],"enclave_options":[],"ephemeral_block_device":[],"instance_market_options":[],"ipv6_addresses":[],"launch_template":[],"maintenance_options":[],"metadata_options":[],"network_interface":[],"private_dns_name_options":[],"root_block_device":[],"secondary_private_ips":[],"security_groups":[],"tags":{},"tags_all":{},"vpc_security_group_ids":[false]}},{"address":"aws_instance.policy_test_no_cost_tag","mode":"managed","type":"aws_instance","name":"policy_test_no_cost_tag","provider_name":"registry.terraform.io/hashicorp/aws","schema_version":1,"values":{"ami":"ami-04681a1dbd79675a5","credit_specification":[],"get_password_data":false,"hibernation":null,"instance_type":"t3.micro","launch_template":[],"source_dest_check":true,"subnet_id":"subnet-e85e6f3485bbbd220","tags":{"Environment":"test","Name":"policy-test-no-cost-tag","Project":"terraform-atlantis-workshop"},"tags_all":{"Environment":"test","ManagedBy":"Terraform","Name":"policy-test-no-cost-tag","Project":"terraform-atlantis-workshop","Provider":"LocalStack"},"timeouts":null,"user_data_replace_on_change":false,"volume_tags":null,"vpc_security_group_ids":["sg-4b4603de0264601db"]},"sensitive_values":{"capacity_reservation_specification":[],"cpu_options":[],"credit_specification":[],"ebs_block_device":[],"enclave_options":[],"ephemeral_block_device":[],"instance_market_options":[],"ipv6_addresses":[],"launch_template":[],"maintenance_options":[],"metadata_options":[],"network_interface":[],"private_dns_name_options":[],"root_block_device":[],"secondary_private_ips":[],"security_groups":[],"tags":{},"tags_all":{},"vpc_security_group_ids":[false]}},{"address":"aws_instance.web","mode":"managed","type":"aws_instance","name":"web","provider_name":"registry.terraform.io/hashicorp/aws","schema_version":1,"values":{"ami":"ami-04681a1dbd79675a5","arn":"arn:aws:ec2:us-east-1::instance/i-7efb65299c12fc069","associate_public_ip_address":true,"availability_zone":"us-east-1a","capacity_reservation_specification":[],"cpu_core_count":null,"cpu_options":[],"cpu_threads_per_core":null,"credit_specification":[],"disable_api_stop":false,"disable_api_termination":false,"ebs_block_device":[],"ebs_optimized":false,"enable_primary_ipv6":null,"enclave_options":[],"ephemeral_block_device":[],"get_password_data":false,"hibernation":false,"host_id":"","host_resource_group_arn":null,"iam_instance_profile":"","id":"i-7efb65299c12fc069","instance_initiated_shutdown_behavior":"stop","instance_lifecycle":"","instance_market_options":[],"instance_state":"running","instance_type":"t3.micro","ipv6_address_count":0,"ipv6_addresses":[],"key_name":"","launch_template":[],"maintenance_options":[],"metadata_options":[{"http_endpoint":"enabled","http_protocol_ipv6":"disabled","http_put_response_hop_limit":1,"http_tokens":"optional","instance_metadata_tags":"disabled"}],"monitoring":false,"network_interface":[],"outpost_arn":"","password_data":"","placement_group":"","placement_partition_number":0,"primary_network_interface_id":"eni-13f1632980fc69479","private_dns":"ip-10-0-1-4.ec2.internal","private_dns_name_options":[],"private_ip":"10.0.1.4","public_dns":"ec2-54-214-3-193.compute-1.amazonaws.com","public_ip":"54.214.3.193","root_block_device":[{"delete_on_termination":true,"device_name":"/dev/sda1","encrypted":false,"iops":0,"kms_key_id":"","tags":{"Environment":"workshop","ManagedBy":"Terraform","Project":"terraform-atlantis-workshop","Provider":"LocalStack"},"tags_all":{"Environment":"workshop","ManagedBy":"Terraform","Project":"terraform-atlantis-workshop","Provider":"LocalStack"},"throughput":0,"volume_id":"vol-e469c3532e609ae29","volume_size":8,"volume_type":"gp2"}],"secondary_private_ips":[],"security_groups":[],"source_dest_check":true,"spot_instance_request_id":"","subnet_id":"subnet-e85e6f3485bbbd220","tenancy":"default","timeouts":null,"user_data":"19ceb93fa665a387fc58c4e64e152457b0fe5a93","user_data_base64":null,"user_data_replace_on_change":false,"volume_tags":null,"vpc_security_group_ids":["sg-4b4603de0264601db"]},"sensitive_values":{"capacity_reservation_specification":[],"cpu_options":[],"credit_specification":[],"ebs_block_device":[],"enclave_options":[],"ephemeral_block_device":[],"instance_market_options":[],"ipv6_addresses":[],"launch_template":[],"maintenance_options":[],"metadata_options":[{}],"network_interface":[],"private_dns_name_options":[],"root_block_device":[{"tags":{},"tags_all":{}}],"secondary_private_ips":[],"security_groups":[],"tags":{},"tags_all":{},"vpc_security_group_ids":[false]}},{"address":"aws_internet_gateway.main","mode":"managed","type":"aws_internet_gateway","name":"main","provider_name":"registry.terraform.io/hashicorp/aws","schema_version":0,"values":{"arn":"arn:aws:ec2:us-east-1:000000000000:internet-gateway/igw-34f8eecf16b63061b","id":"igw-34f8eecf16b63061b","owner_id":"000000000000","tags":{"Name":"terraform-atlantis-workshop-igw"},"tags_all":{"Environment":"workshop","ManagedBy":"Terraform","Name":"terraform-atlantis-workshop-igw","Project":"terraform-atlantis-workshop","Provider":"LocalStack"},"timeouts":null,"vpc_id":"vpc-33c3188b14f9b1db1"},"sensitive_values":{"tags":{},"tags_all":{}}},{"address":"aws_route_table.public","mode":"managed","type":"aws_route_table","name":"public","provider_name":"registry.terraform.io/hashicorp/aws","schema_version":0,"values":{"arn":"arn:aws:ec2:us-east-1:000000000000:route-table/rtb-31c4667bdc986d29f","id":"rtb-31c4667bdc986d29f","owner_id":"000000000000","propagating_vgws":[],"route":[{"carrier_gateway_id":"","cidr_block":"0.0.0.0/0","core_network_arn":"","destination_prefix_list_id":"","egress_only_gateway_id":"","gateway_id":"igw-34f8eecf16b63061b","ipv6_cidr_block":"","local_gateway_id":"","nat_gateway_id":"","network_interface_id":"","transit_gateway_id":"","vpc_endpoint_id":"","vpc_peering_connection_id":""}],"tags":{"Name":"terraform-atlantis-workshop-public-rt"},"tags_all":{"Environment":"workshop","ManagedBy":"Terraform","Name":"terraform-atlantis-workshop-public-rt","Project":"terraform-atlantis-workshop","Provider":"LocalStack"},"timeouts":null,"vpc_id":"vpc-33c3188b14f9b1db1"},"sensitive_values":{"propagating_vgws":[],"route":[{}],"tags":{},"tags_all":{}}},{"address":"aws_route_table_association.public","mode":"managed","type":"aws_route_table_association","name":"public","provider_name":"registry.terraform.io/hashicorp/aws","schema_version":0,"values":{"gateway_id":"","id":"rtbassoc-b7495887032576c5d","route_table_id":"rtb-31c4667bdc986d29f","subnet_id":"subnet-e85e6f3485bbbd220","timeouts":null},"sensitive_values":{}},{"address":"aws_s3_bucket.policy_test_unencrypted","mode":"managed","type":"aws_s3_bucket","name":"policy_test_unencrypted","provider_name":"registry.terraform.io/hashicorp/aws","schema_version":0,"values":{"bucket":"terraform-atlantis-workshop-policy-test-unencrypted","force_destroy":false,"tags":{"CostCenter":"workshop","Environment":"test","Name":"policy-test-unencrypted","Project":"terraform-atlantis-workshop"},"tags_all":{"CostCenter":"workshop","Environment":"test","ManagedBy":"Terraform","Name":"policy-test-unencrypted","Project":"terraform-atlantis-workshop","Provider":"LocalStack"},"timeouts":null},"sensitive_values":{"cors_rule":[],"grant":[],"lifecycle_rule":[],"logging":[],"object_lock_configuration":[],"replication_configuration":[],"server_side_encryption_configuration":[],"tags":{},"tags_all":{},"versioning":[],"website":[]}},{"address":"aws_s3_bucket.workshop","mode":"managed","type":"aws_s3_bucket","name":"workshop","provider_name":"registry.terraform.io/hashicorp/aws","schema_version":0,"values":{"acceleration_status":"","acl":null,"arn":"arn:aws:s3:::terraform-atlantis-workshop-workshop-bucket","bucket":"terraform-atlantis-workshop-workshop-bucket","bucket_domain_name":"terraform-atlantis-workshop-workshop-bucket.s3.amazonaws.com","bucket_prefix":"","bucket_regional_domain_name":"terraform-atlantis-workshop-workshop-bucket.s3.us-east-1.amazonaws.com","cors_rule":[],"force_destroy":false,"grant":[{"id":"75aa57f09aa0c8caeab4f8c24e99d10f8e7faeebf76c078efc7c6caea54ba06a","permissions":["FULL_CONTROL"],"type":"CanonicalUser","uri":""}],"hosted_zone_id":"Z3AQBSTGFYJSTF","id":"terraform-atlantis-workshop-workshop-bucket","lifecycle_rule":[],"logging":[],"object_lock_configuration":[],"object_lock_enabled":false,"policy":"","region":"us-east-1","replication_configuration":[],"request_payer":"BucketOwner","server_side_encryption_configuration":[{"rule":[{"apply_server_side_encryption_by_default":[{"kms_master_key_id":"","sse_algorithm":"AES256"}],"bucket_key_enabled":false}]}],"tags":{"Name":"terraform-atlantis-workshop-workshop-bucket"},"tags_all":{"Environment":"workshop","ManagedBy":"Terraform","Name":"terraform-atlantis-workshop-workshop-bucket","Project":"terraform-atlantis-workshop","Provider":"LocalStack"},"timeouts":null,"versioning":[{"enabled":true,"mfa_delete":false}],"website":[],"website_domain":null,"website_endpoint":null},"sensitive_values":{"cors_rule":[],"grant":[{"permissions":[false]}],"lifecycle_rule":[],"logging":[],"object_lock_configuration":[],"replication_configuration":[],"server_side_encryption_configuration":[{"rule":[{"apply_server_side_encryption_by_default":[{}]}]}],"tags":{},"tags_all":{},"versioning":[{}],"website":[]}},{"address":"aws_s3_bucket_versioning.workshop","mode":"managed","type":"aws_s3_bucket_versioning","name":"workshop","provider_name":"registry.terraform.io/hashicorp/aws","schema_version":0,"values":{"bucket":"terraform-atlantis-workshop-workshop-bucket","expected_bucket_owner":"","id":"terraform-atlantis-workshop-workshop-bucket","mfa":null,"versioning_configuration":[{"mfa_delete":"","status":"Enabled"}]},"sensitive_values":{"versioning_configuration":[{}]}},{"address":"aws_security_group.policy_test_permissive","mode":"managed","type":"aws_security_group","name":"policy_test_permissive","provider_name":"registry.terraform.io/hashicorp/aws","schema_version":1,"values":{"description":"Test security group with policy violations","egress":[{"cidr_blocks":["0.0.0.0/0"],"description":"","from_port":0,"ipv6_cidr_blocks":[],"prefix_list_ids":[],"protocol":"-1","security_groups":[],"self":false,"to_port":0}],"ingress":[{"cidr_blocks":["0.0.0.0/0"],"description":"All ports - BAD POLICY VIOLATION!","from_port":0,"ipv6_cidr_blocks":[],"prefix_list_ids":[],"protocol":"tcp","security_groups":[],"self":false,"to_port":65535}],"name_prefix":"policy-test-permissive-","revoke_rules_on_delete":false,"tags":{"CostCenter":"workshop","Environment":"test","Name":"policy-test-permissive-sg","Project":"terraform-atlantis-workshop"},"tags_all":{"CostCenter":"workshop","Environment":"test","ManagedBy":"Terraform","Name":"policy-test-permissive-sg","Project":"terraform-atlantis-workshop","Provider":"LocalStack"},"timeouts":null,"vpc_id":"vpc-33c3188b14f9b1db1"},"sensitive_values":{"egress":[{"cidr_blocks":[false],"ipv6_cidr_blocks":[],"prefix_list_ids":[],"security_groups":[]}],"ingress":[{"cidr_blocks":[false],"ipv6_cidr_blocks":[],"prefix_list_ids":[],"security_groups":[]}],"tags":{},"tags_all":{}}},{"address":"aws_security_group.web","mode":"managed","type":"aws_security_group","name":"web","provider_name":"registry.terraform.io/hashicorp/aws","schema_version":1,"values":{"arn":"arn:aws:ec2:us-east-1:000000000000:security-group/sg-4b4603de0264601db","description":"Security group for web servers","egress":[{"cidr_blocks":["0.0.0.0/0"],"description":"","from_port":0,"ipv6_cidr_blocks":[],"prefix_list_ids":[],"protocol":"-1","security_groups":[],"self":false,"to_port":0}],"id":"sg-4b4603de0264601db","ingress":[{"cidr_blocks":["0.0.0.0/0"],"description":"HTTP","from_port":80,"ipv6_cidr_blocks":[],"prefix_list_ids":[],"protocol":"tcp","security_groups":[],"self":false,"to_port":80},{"cidr_blocks":["0.0.0.0/0"],"description":"HTTPS","from_port":443,"ipv6_cidr_blocks":[],"prefix_list_ids":[],"protocol":"tcp","security_groups":[],"self":false,"to_port":443},{"cidr_blocks":["0.0.0.0/0"],"description":"SSH","from_port":22,"ipv6_cidr_blocks":[],"prefix_list_ids":[],"protocol":"tcp","security_groups":[],"self":false,"to_port":22}],"name":"terraform-atlantis-workshop-web-sg","name_prefix":"","owner_id":"000000000000","revoke_rules_on_delete":false,"tags":{"Name":"terraform-atlantis-workshop-web-sg"},"tags_all":{"Environment":"workshop","ManagedBy":"Terraform","Name":"terraform-atlantis-workshop-web-sg","Project":"terraform-atlantis-workshop","Provider":"LocalStack"},"timeouts":null,"vpc_id":"vpc-33c3188b14f9b1db1"},"sensitive_values":{"egress":[{"cidr_blocks":[false],"ipv6_cidr_blocks":[],"prefix_list_ids":[],"security_groups":[]}],"ingress":[{"cidr_blocks":[false],"ipv6_cidr_blocks":[],"prefix_list_ids":[],"security_groups":[]},{"cidr_blocks":[false],"ipv6_cidr_blocks":[],"prefix_list_ids":[],"security_groups":[]},{"cidr_blocks":[false],"ipv6_cidr_blocks":[],"prefix_list_ids":[],"security_groups":[]}],"tags":{},"tags_all":{}}},{"address":"aws_subnet.private","mode":"managed","type":"aws_subnet","name":"private","provider_name":"registry.terraform.io/hashicorp/aws","schema_version":1,"values":{"arn":"arn:aws:ec2:us-east-1:000000000000:subnet/subnet-b1510849994ddcdc7","assign_ipv6_address_on_creation":false,"availability_zone":"us-east-1b","availability_zone_id":"use1-az1","cidr_block":"10.0.2.0/24","customer_owned_ipv4_pool":"","enable_dns64":false,"enable_lni_at_device_index":0,"enable_resource_name_dns_a_record_on_launch":false,"enable_resource_name_dns_aaaa_record_on_launch":false,"id":"subnet-b1510849994ddcdc7","ipv6_cidr_block":"","ipv6_cidr_block_association_id":"","ipv6_native":false,"map_customer_owned_ip_on_launch":false,"map_public_ip_on_launch":false,"outpost_arn":"","owner_id":"000000000000","private_dns_hostname_type_on_launch":"ip-name","tags":{"Name":"terraform-atlantis-workshop-private-subnet","Type":"Private"},"tags_all":{"Environment":"workshop","ManagedBy":"Terraform","Name":"terraform-atlantis-workshop-private-subnet","Project":"terraform-atlantis-workshop","Provider":"LocalStack","Type":"Private"},"timeouts":null,"vpc_id":"vpc-33c3188b14f9b1db1"},"sensitive_values":{"tags":{},"tags_all":{}}},{"address":"aws_subnet.public","mode":"managed","type":"aws_subnet","name":"public","provider_name":"registry.terraform.io/hashicorp/aws","schema_version":1,"values":{"arn":"arn:aws:ec2:us-east-1:000000000000:subnet/subnet-e85e6f3485bbbd220","assign_ipv6_address_on_creation":false,"availability_zone":"us-east-1a","availability_zone_id":"use1-az6","cidr_block":"10.0.1.0/24","customer_owned_ipv4_pool":"","enable_dns64":false,"enable_lni_at_device_index":0,"enable_resource_name_dns_a_record_on_launch":false,"enable_resource_name_dns_aaaa_record_on_launch":false,"id":"subnet-e85e6f3485bbbd220","ipv6_cidr_block":"","ipv6_cidr_block_association_id":"","ipv6_native":false,"map_customer_owned_ip_on_launch":false,"map_public_ip_on_launch":true,"outpost_arn":"","owner_id":"000000000000","private_dns_hostname_type_on_launch":"ip-name","tags":{"Name":"terraform-atlantis-workshop-public-subnet","Type":"Public"},"tags_all":{"Environment":"workshop","ManagedBy":"Terraform","Name":"terraform-atlantis-workshop-public-subnet","Project":"terraform-atlantis-workshop","Provider":"LocalStack","Type":"Public"},"timeouts":null,"vpc_id":"vpc-33c3188b14f9b1db1"},"sensitive_values":{"tags":{},"tags_all":{}}},{"address":"aws_vpc.main","mode":"managed","type":"aws_vpc","name":"main","provider_name":"registry.terraform.io/hashicorp/aws","schema_version":1,"values":{"arn":"arn:aws:ec2:us-east-1:000000000000:vpc/vpc-33c3188b14f9b1db1","assign_generated_ipv6_cidr_block":false,"cidr_block":"10.0.0.0/16","default_network_acl_id":"acl-dbe8a846e8a5cbf2d","default_route_table_id":"rtb-86c3d5670f6a6d7ba","default_security_group_id":"sg-da85b0c4d8810b236","dhcp_options_id":"default","enable_dns_hostnames":true,"enable_dns_support":true,"enable_network_address_usage_metrics":false,"id":"vpc-33c3188b14f9b1db1","instance_tenancy":"default","ipv4_ipam_pool_id":null,"ipv4_netmask_length":null,"ipv6_association_id":"","ipv6_cidr_block":"","ipv6_cidr_block_network_border_group":"","ipv6_ipam_pool_id":"","ipv6_netmask_length":0,"main_route_table_id":"rtb-86c3d5670f6a6d7ba","owner_id":"000000000000","tags":{"Name":"terraform-atlantis-workshop-vpc"},"tags_all":{"Environment":"workshop","ManagedBy":"Terraform","Name":"terraform-atlantis-workshop-vpc","Project":"terraform-atlantis-workshop","Provider":"LocalStack"}},"sensitive_values":{"tags":{},"tags_all":{}}}]}},"resource_drift":[{"address":"aws_s3_bucket.workshop","mode":"managed","type":"aws_s3_bucket","name":"workshop","provider_name":"registry.terraform.io/hashicorp/aws","change":{"actions":["update"],"before":{"acceleration_status":"","acl":null,"arn":"arn:aws:s3:::terraform-atlantis-workshop-workshop-bucket","bucket":"terraform-atlantis-workshop-workshop-bucket","bucket_domain_name":"terraform-atlantis-workshop-workshop-bucket.s3.amazonaws.com","bucket_prefix":"","bucket_regional_domain_name":"terraform-atlantis-workshop-workshop-bucket.s3.us-east-1.amazonaws.com","cors_rule":[],"force_destroy":false,"grant":[{"id":"75aa57f09aa0c8caeab4f8c24e99d10f8e7faeebf76c078efc7c6caea54ba06a","permissions":["FULL_CONTROL"],"type":"CanonicalUser","uri":""}],"hosted_zone_id":"Z3AQBSTGFYJSTF","id":"terraform-atlantis-workshop-workshop-bucket","lifecycle_rule":[],"logging":[],"object_lock_configuration":[],"object_lock_enabled":false,"policy":"","region":"us-east-1","replication_configuration":[],"request_payer":"BucketOwner","server_side_encryption_configuration":[{"rule":[{"apply_server_side_encryption_by_default":[{"kms_master_key_id":"","sse_algorithm":"AES256"}],"bucket_key_enabled":false}]}],"tags":{"Name":"terraform-atlantis-workshop-workshop-bucket"},"tags_all":{"Environment":"workshop","ManagedBy":"Terraform","Name":"terraform-atlantis-workshop-workshop-bucket","Project":"terraform-atlantis-workshop","Provider":"LocalStack"},"timeouts":null,"versioning":[{"enabled":false,"mfa_delete":false}],"website":[],"website_domain":null,"website_endpoint":null},"after":{"acceleration_status":"","acl":null,"arn":"arn:aws:s3:::terraform-atlantis-workshop-workshop-bucket","bucket":"terraform-atlantis-workshop-workshop-bucket","bucket_domain_name":"terraform-atlantis-workshop-workshop-bucket.s3.amazonaws.com","bucket_prefix":"","bucket_regional_domain_name":"terraform-atlantis-workshop-workshop-bucket.s3.us-east-1.amazonaws.com","cors_rule":[],"force_destroy":false,"grant":[{"id":"75aa57f09aa0c8caeab4f8c24e99d10f8e7faeebf76c078efc7c6caea54ba06a","permissions":["FULL_CONTROL"],"type":"CanonicalUser","uri":""}],"hosted_zone_id":"Z3AQBSTGFYJSTF","id":"terraform-atlantis-workshop-workshop-bucket","lifecycle_rule":[],"logging":[],"object_lock_configuration":[],"object_lock_enabled":false,"policy":"","region":"us-east-1","replication_configuration":[],"request_payer":"BucketOwner","server_side_encryption_configuration":[{"rule":[{"apply_server_side_encryption_by_default":[{"kms_master_key_id":"","sse_algorithm":"AES256"}],"bucket_key_enabled":false}]}],"tags":{"Name":"terraform-atlantis-workshop-workshop-bucket"},"tags_all":{"Environment":"workshop","ManagedBy":"Terraform","Name":"terraform-atlantis-workshop-workshop-bucket","Project":"terraform-atlantis-workshop","Provider":"LocalStack"},"timeouts":null,"versioning":[{"enabled":true,"mfa_delete":false}],"website":[],"website_domain":null,"website_endpoint":null},"after_unknown":{},"before_sensitive":{"cors_rule":[],"grant":[{"permissions":[false]}],"lifecycle_rule":[],"logging":[],"object_lock_configuration":[],"replication_configuration":[],"server_side_encryption_configuration":[{"rule":[{"apply_server_side_encryption_by_default":[{}]}]}],"tags":{},"tags_all":{},"versioning":[{}],"website":[]},"after_sensitive":{"cors_rule":[],"grant":[{"permissions":[false]}],"lifecycle_rule":[],"logging":[],"object_lock_configuration":[],"replication_configuration":[],"server_side_encryption_configuration":[{"rule":[{"apply_server_side_encryption_by_default":[{}]}]}],"tags":{},"tags_all":{},"versioning":[{}],"website":[]}}}],"resource_changes":[{"address":"aws_instance.policy_test_expensive","mode":"managed","type":"aws_instance","name":"policy_test_expensive","provider_name":"registry.terraform.io/hashicorp/aws","change":{"actions":["create"],"before":null,"after":{"ami":"ami-04681a1dbd79675a5","credit_specification":[],"get_password_data":false,"hibernation":null,"instance_type":"m5.large","launch_template":[],"source_dest_check":true,"subnet_id":"subnet-e85e6f3485bbbd220","tags":{"CostCenter":"workshop","Environment":"test","Name":"policy-test-expensive","Project":"terraform-atlantis-workshop"},"tags_all":{"CostCenter":"workshop","Environment":"test","ManagedBy":"Terraform","Name":"policy-test-expensive","Project":"terraform-atlantis-workshop","Provider":"LocalStack"},"timeouts":null,"user_data_replace_on_change":false,"volume_tags":null,"vpc_security_group_ids":["sg-4b4603de0264601db"]},"after_unknown":{"arn":true,"associate_public_ip_address":true,"availability_zone":true,"capacity_reservation_specification":true,"cpu_core_count":true,"cpu_options":true,"cpu_threads_per_core":true,"credit_specification":[],"disable_api_stop":true,"disable_api_termination":true,"ebs_block_device":true,"ebs_optimized":true,"enable_primary_ipv6":true,"enclave_options":true,"ephemeral_block_device":true,"host_id":true,"host_resource_group_arn":true,"iam_instance_profile":true,"id":true,"instance_initiated_shutdown_behavior":true,"instance_lifecycle":true,"instance_market_options":true,"instance_state":true,"ipv6_address_count":true,"ipv6_addresses":true,"key_name":true,"launch_template":[],"maintenance_options":true,"metadata_options":true,"monitoring":true,"network_interface":true,"outpost_arn":true,"password_data":true,"placement_group":true,"placement_partition_number":true,"primary_network_interface_id":true,"private_dns":true,"private_dns_name_options":true,"private_ip":true,"public_dns":true,"public_ip":true,"root_block_device":true,"secondary_private_ips":true,"security_groups":true,"spot_instance_request_id":true,"tags":{},"tags_all":{},"tenancy":true,"user_data":true,"user_data_base64":true,"vpc_security_group_ids":[false]},"before_sensitive":false,"after_sensitive":{"capacity_reservation_specification":[],"cpu_options":[],"credit_specification":[],"ebs_block_device":[],"enclave_options":[],"ephemeral_block_device":[],"instance_market_options":[],"ipv6_addresses":[],"launch_template":[],"maintenance_options":[],"metadata_options":[],"network_interface":[],"private_dns_name_options":[],"root_block_device":[],"secondary_private_ips":[],"security_groups":[],"tags":{},"tags_all":{},"vpc_security_group_ids":[false]}}},{"address":"aws_instance.policy_test_no_cost_tag","mode":"managed","type":"aws_instance","name":"policy_test_no_cost_tag","provider_name":"registry.terraform.io/hashicorp/aws","change":{"actions":["create"],"before":null,"after":{"ami":"ami-04681a1dbd79675a5","credit_specification":[],"get_password_data":false,"hibernation":null,"instance_type":"t3.micro","launch_template":[],"source_dest_check":true,"subnet_id":"subnet-e85e6f3485bbbd220","tags":{"Environment":"test","Name":"policy-test-no-cost-tag","Project":"terraform-atlantis-workshop"},"tags_all":{"Environment":"test","ManagedBy":"Terraform","Name":"policy-test-no-cost-tag","Project":"terraform-atlantis-workshop","Provider":"LocalStack"},"timeouts":null,"user_data_replace_on_change":false,"volume_tags":null,"vpc_security_group_ids":["sg-4b4603de0264601db"]},"after_unknown":{"arn":true,"associate_public_ip_address":true,"availability_zone":true,"capacity_reservation_specification":true,"cpu_core_count":true,"cpu_options":true,"cpu_threads_per_core":true,"credit_specification":[],"disable_api_stop":true,"disable_api_termination":true,"ebs_block_device":true,"ebs_optimized":true,"enable_primary_ipv6":true,"enclave_options":true,"ephemeral_block_device":true,"host_id":true,"host_resource_group_arn":true,"iam_instance_profile":true,"id":true,"instance_initiated_shutdown_behavior":true,"instance_lifecycle":true,"instance_market_options":true,"instance_state":true,"ipv6_address_count":true,"ipv6_addresses":true,"key_name":true,"launch_template":[],"maintenance_options":true,"metadata_options":true,"monitoring":true,"network_interface":true,"outpost_arn":true,"password_data":true,"placement_group":true,"placement_partition_number":true,"primary_network_interface_id":true,"private_dns":true,"private_dns_name_options":true,"private_ip":true,"public_dns":true,"public_ip":true,"root_block_device":true,"secondary_private_ips":true,"security_groups":true,"spot_instance_request_id":true,"tags":{},"tags_all":{},"tenancy":true,"user_data":true,"user_data_base64":true,"vpc_security_group_ids":[false]},"before_sensitive":false,"after_sensitive":{"capacity_reservation_specification":[],"cpu_options":[],"credit_specification":[],"ebs_block_device":[],"enclave_options":[],"ephemeral_block_device":[],"instance_market_options":[],"ipv6_addresses":[],"launch_template":[],"maintenance_options":[],"metadata_options":[],"network_interface":[],"private_dns_name_options":[],"root_block_device":[],"secondary_private_ips":[],"security_groups":[],"tags":{},"tags_all":{},"vpc_security_group_ids":[false]}}},{"address":"aws_instance.web","mode":"managed","type":"aws_instance","name":"web","provider_name":"registry.terraform.io/hashicorp/aws","change":{"actions":["update"],"before":{"ami":"ami-04681a1dbd79675a5","arn":"arn:aws:ec2:us-east-1::instance/i-7efb65299c12fc069","associate_public_ip_address":true,"availability_zone":"us-east-1a","capacity_reservation_specification":[],"cpu_core_count":null,"cpu_options":[],"cpu_threads_per_core":null,"credit_specification":[],"disable_api_stop":false,"disable_api_termination":false,"ebs_block_device":[],"ebs_optimized":false,"enable_primary_ipv6":null,"enclave_options":[],"ephemeral_block_device":[],"get_password_data":false,"hibernation":false,"host_id":"","host_resource_group_arn":null,"iam_instance_profile":"","id":"i-7efb65299c12fc069","instance_initiated_shutdown_behavior":"stop","instance_lifecycle":"","instance_market_options":[],"instance_state":"running","instance_type":"t3.micro","ipv6_address_count":0,"ipv6_addresses":[],"key_name":"","launch_template":[],"maintenance_options":[],"metadata_options":[{"http_endpoint":"enabled","http_protocol_ipv6":"disabled","http_put_response_hop_limit":1,"http_tokens":"optional","instance_metadata_tags":"disabled"}],"monitoring":false,"network_interface":[],"outpost_arn":"","password_data":"","placement_group":"","placement_partition_number":0,"primary_network_interface_id":"eni-13f1632980fc69479","private_dns":"ip-10-0-1-4.ec2.internal","private_dns_name_options":[],"private_ip":"10.0.1.4","public_dns":"ec2-54-214-3-193.compute-1.amazonaws.com","public_ip":"54.214.3.193","root_block_device":[{"delete_on_termination":true,"device_name":"/dev/sda1","encrypted":false,"iops":0,"kms_key_id":"","tags":{"Environment":"workshop","ManagedBy":"Terraform","Project":"terraform-atlantis-workshop","Provider":"LocalStack"},"tags_all":{"Environment":"workshop","ManagedBy":"Terraform","Project":"terraform-atlantis-workshop","Provider":"LocalStack"},"throughput":0,"volume_id":"vol-e469c3532e609ae29","volume_size":8,"volume_type":"gp2"}],"secondary_private_ips":[],"security_groups":[],"source_dest_check":true,"spot_instance_request_id":"","subnet_id":"subnet-e85e6f3485bbbd220","tags":{"Environment":"workshop","Name":"terraform-atlantis-workshop-web-server","Owner":"workshop-participant","TestTag":"atlantis-workflow-test","Timestamp":"2025-07-21-0257"},"tags_all":{"Environment":"workshop","ManagedBy":"Terraform","Name":"terraform-atlantis-workshop-web-server","Owner":"workshop-participant","Project":"terraform-atlantis-workshop","Provider":"LocalStack","TestTag":"atlantis-workflow-test","Timestamp":"2025-07-21-0257"},"tenancy":"default","timeouts":null,"user_data":"19ceb93fa665a387fc58c4e64e152457b0fe5a93","user_data_base64":null,"user_data_replace_on_change":false,"volume_tags":null,"vpc_security_group_ids":["sg-4b4603de0264601db"]},"after":{"ami":"ami-04681a1dbd79675a5","arn":"arn:aws:ec2:us-east-1::instance/i-7efb65299c12fc069","associate_public_ip_address":true,"availability_zone":"us-east-1a","capacity_reservation_specification":[],"cpu_core_count":null,"cpu_options":[],"cpu_threads_per_core":null,"credit_specification":[],"disable_api_stop":false,"disable_api_termination":false,"ebs_block_device":[],"ebs_optimized":false,"enable_primary_ipv6":null,"enclave_options":[],"ephemeral_block_device":[],"get_password_data":false,"hibernation":false,"host_id":"","host_resource_group_arn":null,"iam_instance_profile":"","id":"i-7efb65299c12fc069","instance_initiated_shutdown_behavior":"stop","instance_lifecycle":"","instance_market_options":[],"instance_state":"running","instance_type":"t3.micro","ipv6_address_count":0,"ipv6_addresses":[],"key_name":"","launch_template":[],"maintenance_options":[],"metadata_options":[{"http_endpoint":"enabled","http_protocol_ipv6":"disabled","http_put_response_hop_limit":1,"http_tokens":"optional","instance_metadata_tags":"disabled"}],"monitoring":false,"network_interface":[],"outpost_arn":"","password_data":"","placement_group":"","placement_partition_number":0,"primary_network_interface_id":"eni-13f1632980fc69479","private_dns":"ip-10-0-1-4.ec2.internal","private_dns_name_options":[],"private_ip":"10.0.1.4","public_dns":"ec2-54-214-3-193.compute-1.amazonaws.com","public_ip":"54.214.3.193","root_block_device":[{"delete_on_termination":true,"device_name":"/dev/sda1","encrypted":false,"iops":0,"kms_key_id":"","tags":{"Environment":"workshop","ManagedBy":"Terraform","Project":"terraform-atlantis-workshop","Provider":"LocalStack"},"tags_all":{"Environment":"workshop","ManagedBy":"Terraform","Project":"terraform-atlantis-workshop","Provider":"LocalStack"},"throughput":0,"volume_id":"vol-e469c3532e609ae29","volume_size":8,"volume_type":"gp2"}],"secondary_private_ips":[],"security_groups":[],"source_dest_check":true,"spot_instance_request_id":"","subnet_id":"subnet-e85e6f3485bbbd220","tenancy":"default","timeouts":null,"user_data":"19ceb93fa665a387fc58c4e64e152457b0fe5a93","user_data_base64":null,"user_data_replace_on_change":false,"volume_tags":null,"vpc_security_group_ids":["sg-4b4603de0264601db"]},"after_unknown":{"capacity_reservation_specification":[],"cpu_options":[],"credit_specification":[],"ebs_block_device":[],"enclave_options":[],"ephemeral_block_device":[],"instance_market_options":[],"ipv6_addresses":[],"launch_template":[],"maintenance_options":[],"metadata_options":[{}],"network_interface":[],"private_dns_name_options":[],"root_block_device":[{"tags":{},"tags_all":{}}],"secondary_private_ips":[],"security_groups":[],"tags":true,"tags_all":true,"vpc_security_group_ids":[false]},"before_sensitive":{"capacity_reservation_specification":[],"cpu_options":[],"credit_specification":[],"ebs_block_device":[],"enclave_options":[],"ephemeral_block_device":[],"instance_market_options":[],"ipv6_addresses":[],"launch_template":[],"maintenance_options":[],"metadata_options":[{}],"network_interface":[],"private_dns_name_options":[],"root_block_device":[{"tags":{},"tags_all":{}}],"secondary_private_ips":[],"security_groups":[],"tags":{},"tags_all":{},"vpc_security_group_ids":[false]},"after_sensitive":{"capacity_reservation_specification":[],"cpu_options":[],"credit_specification":[],"ebs_block_device":[],"enclave_options":[],"ephemeral_block_device":[],"instance_market_options":[],"ipv6_addresses":[],"launch_template":[],"maintenance_options":[],"metadata_options":[{}],"network_interface":[],"private_dns_name_options":[],"root_block_device":[{"tags":{},"tags_all":{}}],"secondary_private_ips":[],"security_groups":[],"tags":{},"tags_all":{},"vpc_security_group_ids":[false]}}},{"address":"aws_internet_gateway.main","mode":"managed","type":"aws_internet_gateway","name":"main","provider_name":"registry.terraform.io/hashicorp/aws","change":{"actions":["no-op"],"before":{"arn":"arn:aws:ec2:us-east-1:000000000000:internet-gateway/igw-34f8eecf16b63061b","id":"igw-34f8eecf16b63061b","owner_id":"000000000000","tags":{"Name":"terraform-atlantis-workshop-igw"},"tags_all":{"Environment":"workshop","ManagedBy":"Terraform","Name":"terraform-atlantis-workshop-igw","Project":"terraform-atlantis-workshop","Provider":"LocalStack"},"timeouts":null,"vpc_id":"vpc-33c3188b14f9b1db1"},"after":{"arn":"arn:aws:ec2:us-east-1:000000000000:internet-gateway/igw-34f8eecf16b63061b","id":"igw-34f8eecf16b63061b","owner_id":"000000000000","tags":{"Name":"terraform-atlantis-workshop-igw"},"tags_all":{"Environment":"workshop","ManagedBy":"Terraform","Name":"terraform-atlantis-workshop-igw","Project":"terraform-atlantis-workshop","Provider":"LocalStack"},"timeouts":null,"vpc_id":"vpc-33c3188b14f9b1db1"},"after_unknown":{},"before_sensitive":{"tags":{},"tags_all":{}},"after_sensitive":{"tags":{},"tags_all":{}}}},{"address":"aws_route_table.public","mode":"managed","type":"aws_route_table","name":"public","provider_name":"registry.terraform.io/hashicorp/aws","change":{"actions":["no-op"],"before":{"arn":"arn:aws:ec2:us-east-1:000000000000:route-table/rtb-31c4667bdc986d29f","id":"rtb-31c4667bdc986d29f","owner_id":"000000000000","propagating_vgws":[],"route":[{"carrier_gateway_id":"","cidr_block":"0.0.0.0/0","core_network_arn":"","destination_prefix_list_id":"","egress_only_gateway_id":"","gateway_id":"igw-34f8eecf16b63061b","ipv6_cidr_block":"","local_gateway_id":"","nat_gateway_id":"","network_interface_id":"","transit_gateway_id":"","vpc_endpoint_id":"","vpc_peering_connection_id":""}],"tags":{"Name":"terraform-atlantis-workshop-public-rt"},"tags_all":{"Environment":"workshop","ManagedBy":"Terraform","Name":"terraform-atlantis-workshop-public-rt","Project":"terraform-atlantis-workshop","Provider":"LocalStack"},"timeouts":null,"vpc_id":"vpc-33c3188b14f9b1db1"},"after":{"arn":"arn:aws:ec2:us-east-1:000000000000:route-table/rtb-31c4667bdc986d29f","id":"rtb-31c4667bdc986d29f","owner_id":"000000000000","propagating_vgws":[],"route":[{"carrier_gateway_id":"","cidr_block":"0.0.0.0/0","core_network_arn":"","destination_prefix_list_id":"","egress_only_gateway_id":"","gateway_id":"igw-34f8eecf16b63061b","ipv6_cidr_block":"","local_gateway_id":"","nat_gateway_id":"","network_interface_id":"","transit_gateway_id":"","vpc_endpoint_id":"","vpc_peering_connection_id":""}],"tags":{"Name":"terraform-atlantis-workshop-public-rt"},"tags_all":{"Environment":"workshop","ManagedBy":"Terraform","Name":"terraform-atlantis-workshop-public-rt","Project":"terraform-atlantis-workshop","Provider":"LocalStack"},"timeouts":null,"vpc_id":"vpc-33c3188b14f9b1db1"},"after_unknown":{},"before_sensitive":{"propagating_vgws":[],"route":[{}],"tags":{},"tags_all":{}},"after_sensitive":{"propagating_vgws":[],"route":[{}],"tags":{},"tags_all":{}}}},{"address":"aws_route_table_association.public","mode":"managed","type":"aws_route_table_association","name":"public","provider_name":"registry.terraform.io/hashicorp/aws","change":{"actions":["no-op"],"before":{"gateway_id":"","id":"rtbassoc-b7495887032576c5d","route_table_id":"rtb-31c4667bdc986d29f","subnet_id":"subnet-e85e6f3485bbbd220","timeouts":null},"after":{"gateway_id":"","id":"rtbassoc-b7495887032576c5d","route_table_id":"rtb-31c4667bdc986d29f","subnet_id":"subnet-e85e6f3485bbbd220","timeouts":null},"after_unknown":{},"before_sensitive":{},"after_sensitive":{}}},{"address":"aws_s3_bucket.policy_test_unencrypted","mode":"managed","type":"aws_s3_bucket","name":"policy_test_unencrypted","provider_name":"registry.terraform.io/hashicorp/aws","change":{"actions":["create"],"before":null,"after":{"bucket":"terraform-atlantis-workshop-policy-test-unencrypted","force_destroy":false,"tags":{"CostCenter":"workshop","Environment":"test","Name":"policy-test-unencrypted","Project":"terraform-atlantis-workshop"},"tags_all":{"CostCenter":"workshop","Environment":"test","ManagedBy":"Terraform","Name":"policy-test-unencrypted","Project":"terraform-atlantis-workshop","Provider":"LocalStack"},"timeouts":null},"after_unknown":{"acceleration_status":true,"acl":true,"arn":true,"bucket_domain_name":true,"bucket_prefix":true,"bucket_regional_domain_name":true,"cors_rule":true,"grant":true,"hosted_zone_id":true,"id":true,"lifecycle_rule":true,"logging":true,"object_lock_configuration":true,"object_lock_enabled":true,"policy":true,"region":true,"replication_configuration":true,"request_payer":true,"server_side_encryption_configuration":true,"tags":{},"tags_all":{},"versioning":true,"website":true,"website_domain":true,"website_endpoint":true},"before_sensitive":false,"after_sensitive":{"cors_rule":[],"grant":[],"lifecycle_rule":[],"logging":[],"object_lock_configuration":[],"replication_configuration":[],"server_side_encryption_configuration":[],"tags":{},"tags_all":{},"versioning":[],"website":[]}}},{"address":"aws_s3_bucket.workshop","mode":"managed","type":"aws_s3_bucket","name":"workshop","provider_name":"registry.terraform.io/hashicorp/aws","change":{"actions":["no-op"],"before":{"acceleration_status":"","acl":null,"arn":"arn:aws:s3:::terraform-atlantis-workshop-workshop-bucket","bucket":"terraform-atlantis-workshop-workshop-bucket","bucket_domain_name":"terraform-atlantis-workshop-workshop-bucket.s3.amazonaws.com","bucket_prefix":"","bucket_regional_domain_name":"terraform-atlantis-workshop-workshop-bucket.s3.us-east-1.amazonaws.com","cors_rule":[],"force_destroy":false,"grant":[{"id":"75aa57f09aa0c8caeab4f8c24e99d10f8e7faeebf76c078efc7c6caea54ba06a","permissions":["FULL_CONTROL"],"type":"CanonicalUser","uri":""}],"hosted_zone_id":"Z3AQBSTGFYJSTF","id":"terraform-atlantis-workshop-workshop-bucket","lifecycle_rule":[],"logging":[],"object_lock_configuration":[],"object_lock_enabled":false,"policy":"","region":"us-east-1","replication_configuration":[],"request_payer":"BucketOwner","server_side_encryption_configuration":[{"rule":[{"apply_server_side_encryption_by_default":[{"kms_master_key_id":"","sse_algorithm":"AES256"}],"bucket_key_enabled":false}]}],"tags":{"Name":"terraform-atlantis-workshop-workshop-bucket"},"tags_all":{"Environment":"workshop","ManagedBy":"Terraform","Name":"terraform-atlantis-workshop-workshop-bucket","Project":"terraform-atlantis-workshop","Provider":"LocalStack"},"timeouts":null,"versioning":[{"enabled":true,"mfa_delete":false}],"website":[],"website_domain":null,"website_endpoint":null},"after":{"acceleration_status":"","acl":null,"arn":"arn:aws:s3:::terraform-atlantis-workshop-workshop-bucket","bucket":"terraform-atlantis-workshop-workshop-bucket","bucket_domain_name":"terraform-atlantis-workshop-workshop-bucket.s3.amazonaws.com","bucket_prefix":"","bucket_regional_domain_name":"terraform-atlantis-workshop-workshop-bucket.s3.us-east-1.amazonaws.com","cors_rule":[],"force_destroy":false,"grant":[{"id":"75aa57f09aa0c8caeab4f8c24e99d10f8e7faeebf76c078efc7c6caea54ba06a","permissions":["FULL_CONTROL"],"type":"CanonicalUser","uri":""}],"hosted_zone_id":"Z3AQBSTGFYJSTF","id":"terraform-atlantis-workshop-workshop-bucket","lifecycle_rule":[],"logging":[],"object_lock_configuration":[],"object_lock_enabled":false,"policy":"","region":"us-east-1","replication_configuration":[],"request_payer":"BucketOwner","server_side_encryption_configuration":[{"rule":[{"apply_server_side_encryption_by_default":[{"kms_master_key_id":"","sse_algorithm":"AES256"}],"bucket_key_enabled":false}]}],"tags":{"Name":"terraform-atlantis-workshop-workshop-bucket"},"tags_all":{"Environment":"workshop","ManagedBy":"Terraform","Name":"terraform-atlantis-workshop-workshop-bucket","Project":"terraform-atlantis-workshop","Provider":"LocalStack"},"timeouts":null,"versioning":[{"enabled":true,"mfa_delete":false}],"website":[],"website_domain":null,"website_endpoint":null},"after_unknown":{},"before_sensitive":{"cors_rule":[],"grant":[{"permissions":[false]}],"lifecycle_rule":[],"logging":[],"object_lock_configuration":[],"replication_configuration":[],"server_side_encryption_configuration":[{"rule":[{"apply_server_side_encryption_by_default":[{}]}]}],"tags":{},"tags_all":{},"versioning":[{}],"website":[]},"after_sensitive":{"cors_rule":[],"grant":[{"permissions":[false]}],"lifecycle_rule":[],"logging":[],"object_lock_configuration":[],"replication_configuration":[],"server_side_encryption_configuration":[{"rule":[{"apply_server_side_encryption_by_default":[{}]}]}],"tags":{},"tags_all":{},"versioning":[{}],"website":[]}}},{"address":"aws_s3_bucket_versioning.workshop","mode":"managed","type":"aws_s3_bucket_versioning","name":"workshop","provider_name":"registry.terraform.io/hashicorp/aws","change":{"actions":["no-op"],"before":{"bucket":"terraform-atlantis-workshop-workshop-bucket","expected_bucket_owner":"","id":"terraform-atlantis-workshop-workshop-bucket","mfa":null,"versioning_configuration":[{"mfa_delete":"","status":"Enabled"}]},"after":{"bucket":"terraform-atlantis-workshop-workshop-bucket","expected_bucket_owner":"","id":"terraform-atlantis-workshop-workshop-bucket","mfa":null,"versioning_configuration":[{"mfa_delete":"","status":"Enabled"}]},"after_unknown":{},"before_sensitive":{"versioning_configuration":[{}]},"after_sensitive":{"versioning_configuration":[{}]}}},{"address":"aws_security_group.policy_test_permissive","mode":"managed","type":"aws_security_group","name":"policy_test_permissive","provider_name":"registry.terraform.io/hashicorp/aws","change":{"actions":["create"],"before":null,"after":{"description":"Test security group with policy violations","egress":[{"cidr_blocks":["0.0.0.0/0"],"description":"","from_port":0,"ipv6_cidr_blocks":[],"prefix_list_ids":[],"protocol":"-1","security_groups":[],"self":false,"to_port":0}],"ingress":[{"cidr_blocks":["0.0.0.0/0"],"description":"All ports - BAD POLICY VIOLATION!","from_port":0,"ipv6_cidr_blocks":[],"prefix_list_ids":[],"protocol":"tcp","security_groups":[],"self":false,"to_port":65535}],"name_prefix":"policy-test-permissive-","revoke_rules_on_delete":false,"tags":{"CostCenter":"workshop","Environment":"test","Name":"policy-test-permissive-sg","Project":"terraform-atlantis-workshop"},"tags_all":{"CostCenter":"workshop","Environment":"test","ManagedBy":"Terraform","Name":"policy-test-permissive-sg","Project":"terraform-atlantis-workshop","Provider":"LocalStack"},"timeouts":null,"vpc_id":"vpc-33c3188b14f9b1db1"},"after_unknown":{"arn":true,"egress":[{"cidr_blocks":[false],"ipv6_cidr_blocks":[],"prefix_list_ids":[],"security_groups":[]}],"id":true,"ingress":[{"cidr_blocks":[false],"ipv6_cidr_blocks":[],"prefix_list_ids":[],"security_groups":[]}],"name":true,"owner_id":true,"tags":{},"tags_all":{}},"before_sensitive":false,"after_sensitive":{"egress":[{"cidr_blocks":[false],"ipv6_cidr_blocks":[],"prefix_list_ids":[],"security_groups":[]}],"ingress":[{"cidr_blocks":[false],"ipv6_cidr_blocks":[],"prefix_list_ids":[],"security_groups":[]}],"tags":{},"tags_all":{}}}},{"address":"aws_security_group.web","mode":"managed","type":"aws_security_group","name":"web","provider_name":"registry.terraform.io/hashicorp/aws","change":{"actions":["no-op"],"before":{"arn":"arn:aws:ec2:us-east-1:000000000000:security-group/sg-4b4603de0264601db","description":"Security group for web servers","egress":[{"cidr_blocks":["0.0.0.0/0"],"description":"","from_port":0,"ipv6_cidr_blocks":[],"prefix_list_ids":[],"protocol":"-1","security_groups":[],"self":false,"to_port":0}],"id":"sg-4b4603de0264601db","ingress":[{"cidr_blocks":["0.0.0.0/0"],"description":"HTTP","from_port":80,"ipv6_cidr_blocks":[],"prefix_list_ids":[],"protocol":"tcp","security_groups":[],"self":false,"to_port":80},{"cidr_blocks":["0.0.0.0/0"],"description":"HTTPS","from_port":443,"ipv6_cidr_blocks":[],"prefix_list_ids":[],"protocol":"tcp","security_groups":[],"self":false,"to_port":443},{"cidr_blocks":["0.0.0.0/0"],"description":"SSH","from_port":22,"ipv6_cidr_blocks":[],"prefix_list_ids":[],"protocol":"tcp","security_groups":[],"self":false,"to_port":22}],"name":"terraform-atlantis-workshop-web-sg","name_prefix":"","owner_id":"000000000000","revoke_rules_on_delete":false,"tags":{"Name":"terraform-atlantis-workshop-web-sg"},"tags_all":{"Environment":"workshop","ManagedBy":"Terraform","Name":"terraform-atlantis-workshop-web-sg","Project":"terraform-atlantis-workshop","Provider":"LocalStack"},"timeouts":null,"vpc_id":"vpc-33c3188b14f9b1db1"},"after":{"arn":"arn:aws:ec2:us-east-1:000000000000:security-group/sg-4b4603de0264601db","description":"Security group for web servers","egress":[{"cidr_blocks":["0.0.0.0/0"],"description":"","from_port":0,"ipv6_cidr_blocks":[],"prefix_list_ids":[],"protocol":"-1","security_groups":[],"self":false,"to_port":0}],"id":"sg-4b4603de0264601db","ingress":[{"cidr_blocks":["0.0.0.0/0"],"description":"HTTP","from_port":80,"ipv6_cidr_blocks":[],"prefix_list_ids":[],"protocol":"tcp","security_groups":[],"self":false,"to_port":80},{"cidr_blocks":["0.0.0.0/0"],"description":"HTTPS","from_port":443,"ipv6_cidr_blocks":[],"prefix_list_ids":[],"protocol":"tcp","security_groups":[],"self":false,"to_port":443},{"cidr_blocks":["0.0.0.0/0"],"description":"SSH","from_port":22,"ipv6_cidr_blocks":[],"prefix_list_ids":[],"protocol":"tcp","security_groups":[],"self":false,"to_port":22}],"name":"terraform-atlantis-workshop-web-sg","name_prefix":"","owner_id":"000000000000","revoke_rules_on_delete":false,"tags":{"Name":"terraform-atlantis-workshop-web-sg"},"tags_all":{"Environment":"workshop","ManagedBy":"Terraform","Name":"terraform-atlantis-workshop-web-sg","Project":"terraform-atlantis-workshop","Provider":"LocalStack"},"timeouts":null,"vpc_id":"vpc-33c3188b14f9b1db1"},"after_unknown":{},"before_sensitive":{"egress":[{"cidr_blocks":[false],"ipv6_cidr_blocks":[],"prefix_list_ids":[],"security_groups":[]}],"ingress":[{"cidr_blocks":[false],"ipv6_cidr_blocks":[],"prefix_list_ids":[],"security_groups":[]},{"cidr_blocks":[false],"ipv6_cidr_blocks":[],"prefix_list_ids":[],"security_groups":[]},{"cidr_blocks":[false],"ipv6_cidr_blocks":[],"prefix_list_ids":[],"security_groups":[]}],"tags":{},"tags_all":{}},"after_sensitive":{"egress":[{"cidr_blocks":[false],"ipv6_cidr_blocks":[],"prefix_list_ids":[],"security_groups":[]}],"ingress":[{"cidr_blocks":[false],"ipv6_cidr_blocks":[],"prefix_list_ids":[],"security_groups":[]},{"cidr_blocks":[false],"ipv6_cidr_blocks":[],"prefix_list_ids":[],"security_groups":[]},{"cidr_blocks":[false],"ipv6_cidr_blocks":[],"prefix_list_ids":[],"security_groups":[]}],"tags":{},"tags_all":{}}}},{"address":"aws_subnet.private","mode":"managed","type":"aws_subnet","name":"private","provider_name":"registry.terraform.io/hashicorp/aws","change":{"actions":["no-op"],"before":{"arn":"arn:aws:ec2:us-east-1:000000000000:subnet/subnet-b1510849994ddcdc7","assign_ipv6_address_on_creation":false,"availability_zone":"us-east-1b","availability_zone_id":"use1-az1","cidr_block":"10.0.2.0/24","customer_owned_ipv4_pool":"","enable_dns64":false,"enable_lni_at_device_index":0,"enable_resource_name_dns_a_record_on_launch":false,"enable_resource_name_dns_aaaa_record_on_launch":false,"id":"subnet-b1510849994ddcdc7","ipv6_cidr_block":"","ipv6_cidr_block_association_id":"","ipv6_native":false,"map_customer_owned_ip_on_launch":false,"map_public_ip_on_launch":false,"outpost_arn":"","owner_id":"000000000000","private_dns_hostname_type_on_launch":"ip-name","tags":{"Name":"terraform-atlantis-workshop-private-subnet","Type":"Private"},"tags_all":{"Environment":"workshop","ManagedBy":"Terraform","Name":"terraform-atlantis-workshop-private-subnet","Project":"terraform-atlantis-workshop","Provider":"LocalStack","Type":"Private"},"timeouts":null,"vpc_id":"vpc-33c3188b14f9b1db1"},"after":{"arn":"arn:aws:ec2:us-east-1:000000000000:subnet/subnet-b1510849994ddcdc7","assign_ipv6_address_on_creation":false,"availability_zone":"us-east-1b","availability_zone_id":"use1-az1","cidr_block":"10.0.2.0/24","customer_owned_ipv4_pool":"","enable_dns64":false,"enable_lni_at_device_index":0,"enable_resource_name_dns_a_record_on_launch":false,"enable_resource_name_dns_aaaa_record_on_launch":false,"id":"subnet-b1510849994ddcdc7","ipv6_cidr_block":"","ipv6_cidr_block_association_id":"","ipv6_native":false,"map_customer_owned_ip_on_launch":false,"map_public_ip_on_launch":false,"outpost_arn":"","owner_id":"000000000000","private_dns_hostname_type_on_launch":"ip-name","tags":{"Name":"terraform-atlantis-workshop-private-subnet","Type":"Private"},"tags_all":{"Environment":"workshop","ManagedBy":"Terraform","Name":"terraform-atlantis-workshop-private-subnet","Project":"terraform-atlantis-workshop","Provider":"LocalStack","Type":"Private"},"timeouts":null,"vpc_id":"vpc-33c3188b14f9b1db1"},"after_unknown":{},"before_sensitive":{"tags":{},"tags_all":{}},"after_sensitive":{"tags":{},"tags_all":{}}}},{"address":"aws_subnet.public","mode":"managed","type":"aws_subnet","name":"public","provider_name":"registry.terraform.io/hashicorp/aws","change":{"actions":["no-op"],"before":{"arn":"arn:aws:ec2:us-east-1:000000000000:subnet/subnet-e85e6f3485bbbd220","assign_ipv6_address_on_creation":false,"availability_zone":"us-east-1a","availability_zone_id":"use1-az6","cidr_block":"10.0.1.0/24","customer_owned_ipv4_pool":"","enable_dns64":false,"enable_lni_at_device_index":0,"enable_resource_name_dns_a_record_on_launch":false,"enable_resource_name_dns_aaaa_record_on_launch":false,"id":"subnet-e85e6f3485bbbd220","ipv6_cidr_block":"","ipv6_cidr_block_association_id":"","ipv6_native":false,"map_customer_owned_ip_on_launch":false,"map_public_ip_on_launch":true,"outpost_arn":"","owner_id":"000000000000","private_dns_hostname_type_on_launch":"ip-name","tags":{"Name":"terraform-atlantis-workshop-public-subnet","Type":"Public"},"tags_all":{"Environment":"workshop","ManagedBy":"Terraform","Name":"terraform-atlantis-workshop-public-subnet","Project":"terraform-atlantis-workshop","Provider":"LocalStack","Type":"Public"},"timeouts":null,"vpc_id":"vpc-33c3188b14f9b1db1"},"after":{"arn":"arn:aws:ec2:us-east-1:000000000000:subnet/subnet-e85e6f3485bbbd220","assign_ipv6_address_on_creation":false,"availability_zone":"us-east-1a","availability_zone_id":"use1-az6","cidr_block":"10.0.1.0/24","customer_owned_ipv4_pool":"","enable_dns64":false,"enable_lni_at_device_index":0,"enable_resource_name_dns_a_record_on_launch":false,"enable_resource_name_dns_aaaa_record_on_launch":false,"id":"subnet-e85e6f3485bbbd220","ipv6_cidr_block":"","ipv6_cidr_block_association_id":"","ipv6_native":false,"map_customer_owned_ip_on_launch":false,"map_public_ip_on_launch":true,"outpost_arn":"","owner_id":"000000000000","private_dns_hostname_type_on_launch":"ip-name","tags":{"Name":"terraform-atlantis-workshop-public-subnet","Type":"Public"},"tags_all":{"Environment":"workshop","ManagedBy":"Terraform","Name":"terraform-atlantis-workshop-public-subnet","Project":"terraform-atlantis-workshop","Provider":"LocalStack","Type":"Public"},"timeouts":null,"vpc_id":"vpc-33c3188b14f9b1db1"},"after_unknown":{},"before_sensitive":{"tags":{},"tags_all":{}},"after_sensitive":{"tags":{},"tags_all":{}}}},{"address":"aws_vpc.main","mode":"managed","type":"aws_vpc","name":"main","provider_name":"registry.terraform.io/hashicorp/aws","change":{"actions":["no-op"],"before":{"arn":"arn:aws:ec2:us-east-1:000000000000:vpc/vpc-33c3188b14f9b1db1","assign_generated_ipv6_cidr_block":false,"cidr_block":"10.0.0.0/16","default_network_acl_id":"acl-dbe8a846e8a5cbf2d","default_route_table_id":"rtb-86c3d5670f6a6d7ba","default_security_group_id":"sg-da85b0c4d8810b236","dhcp_options_id":"default","enable_dns_hostnames":true,"enable_dns_support":true,"enable_network_address_usage_metrics":false,"id":"vpc-33c3188b14f9b1db1","instance_tenancy":"default","ipv4_ipam_pool_id":null,"ipv4_netmask_length":null,"ipv6_association_id":"","ipv6_cidr_block":"","ipv6_cidr_block_network_border_group":"","ipv6_ipam_pool_id":"","ipv6_netmask_length":0,"main_route_table_id":"rtb-86c3d5670f6a6d7ba","owner_id":"000000000000","tags":{"Name":"terraform-atlantis-workshop-vpc"},"tags_all":{"Environment":"workshop","ManagedBy":"Terraform","Name":"terraform-atlantis-workshop-vpc","Project":"terraform-atlantis-workshop","Provider":"LocalStack"}},"after":{"arn":"arn:aws:ec2:us-east-1:000000000000:vpc/vpc-33c3188b14f9b1db1","assign_generated_ipv6_cidr_block":false,"cidr_block":"10.0.0.0/16","default_network_acl_id":"acl-dbe8a846e8a5cbf2d","default_route_table_id":"rtb-86c3d5670f6a6d7ba","default_security_group_id":"sg-da85b0c4d8810b236","dhcp_options_id":"default","enable_dns_hostnames":true,"enable_dns_support":true,"enable_network_address_usage_metrics":false,"id":"vpc-33c3188b14f9b1db1","instance_tenancy":"default","ipv4_ipam_pool_id":null,"ipv4_netmask_length":null,"ipv6_association_id":"","ipv6_cidr_block":"","ipv6_cidr_block_network_border_group":"","ipv6_ipam_pool_id":"","ipv6_netmask_length":0,"main_route_table_id":"rtb-86c3d5670f6a6d7ba","owner_id":"000000000000","tags":{"Name":"terraform-atlantis-workshop-vpc"},"tags_all":{"Environment":"workshop","ManagedBy":"Terraform","Name":"terraform-atlantis-workshop-vpc","Project":"terraform-atlantis-workshop","Provider":"LocalStack"}},"after_unknown":{},"before_sensitive":{"tags":{},"tags_all":{}},"after_sensitive":{"tags":{},"tags_all":{}}}}],"output_changes":{"instance_id":{"actions":["no-op"],"before":"i-7efb65299c12fc069","after":"i-7efb65299c12fc069","after_unknown":false,"before_sensitive":false,"after_sensitive":false},"instance_public_dns":{"actions":["no-op"],"before":"ec2-54-214-3-193.compute-1.amazonaws.com","after":"ec2-54-214-3-193.compute-1.amazonaws.com","after_unknown":false,"before_sensitive":false,"after_sensitive":false},"instance_public_ip":{"actions":["no-op"],"before":"54.214.3.193","after":"54.214.3.193","after_unknown":false,"before_sensitive":false,"after_sensitive":false},"private_subnet_id":{"actions":["no-op"],"before":"subnet-b1510849994ddcdc7","after":"subnet-b1510849994ddcdc7","after_unknown":false,"before_sensitive":false,"after_sensitive":false},"public_subnet_id":{"actions":["no-op"],"before":"subnet-e85e6f3485bbbd220","after":"subnet-e85e6f3485bbbd220","after_unknown":false,"before_sensitive":false,"after_sensitive":false},"s3_bucket_arn":{"actions":["no-op"],"before":"arn:aws:s3:::terraform-atlantis-workshop-workshop-bucket","after":"arn:aws:s3:::terraform-atlantis-workshop-workshop-bucket","after_unknown":false,"before_sensitive":false,"after_sensitive":false},"s3_bucket_domain_name":{"actions":["no-op"],"before":"terraform-atlantis-workshop-workshop-bucket.s3.amazonaws.com","after":"terraform-atlantis-workshop-workshop-bucket.s3.amazonaws.com","after_unknown":false,"before_sensitive":false,"after_sensitive":false},"s3_bucket_id":{"actions":["no-op"],"before":"terraform-atlantis-workshop-workshop-bucket","after":"terraform-atlantis-workshop-workshop-bucket","after_unknown":false,"before_sensitive":false,"after_sensitive":false},"security_group_id":{"actions":["no-op"],"before":"sg-4b4603de0264601db","after":"sg-4b4603de0264601db","after_unknown":false,"before_sensitive":false,"after_sensitive":false},"vpc_id":{"actions":["no-op"],"before":"vpc-33c3188b14f9b1db1","after":"vpc-33c3188b14f9b1db1","after_unknown":false,"before_sensitive":false,"after_sensitive":false},"website_url":{"actions":["no-op"],"before":"http://ec2-54-214-3-193.compute-1.amazonaws.com","after":"http://ec2-54-214-3-193.compute-1.amazonaws.com","after_unknown":false,"before_sensitive":false,"after_sensitive":false}},"prior_state":{"format_version":"1.0","terraform_version":"1.12.2","values":{"outputs":{"instance_id":{"sensitive":false,"value":"i-7efb65299c12fc069","type":"string"},"instance_public_dns":{"sensitive":false,"value":"ec2-54-214-3-193.compute-1.amazonaws.com","type":"string"},"instance_public_ip":{"sensitive":false,"value":"54.214.3.193","type":"string"},"private_subnet_id":{"sensitive":false,"value":"subnet-b1510849994ddcdc7","type":"string"},"public_subnet_id":{"sensitive":false,"value":"subnet-e85e6f3485bbbd220","type":"string"},"s3_bucket_arn":{"sensitive":false,"value":"arn:aws:s3:::terraform-atlantis-workshop-workshop-bucket","type":"string"},"s3_bucket_domain_name":{"sensitive":false,"value":"terraform-atlantis-workshop-workshop-bucket.s3.amazonaws.com","type":"string"},"s3_bucket_id":{"sensitive":false,"value":"terraform-atlantis-workshop-workshop-bucket","type":"string"},"security_group_id":{"sensitive":false,"value":"sg-4b4603de0264601db","type":"string"},"vpc_id":{"sensitive":false,"value":"vpc-33c3188b14f9b1db1","type":"string"},"website_url":{"sensitive":false,"value":"http://ec2-54-214-3-193.compute-1.amazonaws.com","type":"string"}},"root_module":{"resources":[{"address":"data.aws_ami.amazon_linux","mode":"data","type":"aws_ami","name":"amazon_linux","provider_name":"registry.terraform.io/hashicorp/aws","schema_version":0,"values":{"architecture":"x86_64","arn":"arn:aws:ec2:us-east-1::image/ami-04681a1dbd79675a5","block_device_mappings":[{"device_name":"/dev/xvda","ebs":{"delete_on_termination":"false","encrypted":"false","iops":"0","snapshot_id":"snap-a0fd3dae1479c0aa9","throughput":"0","volume_initialization_rate":"0","volume_size":"15","volume_type":"standard"},"no_device":"","virtual_name":""}],"boot_mode":"","creation_date":"2025-07-21T02:56:46.000Z","deprecation_time":"","description":"Amazon Linux 2 AMI 2.0.20180810 x86_64 HVM gp2","ena_support":false,"executable_users":null,"filter":[{"name":"name","values":["amzn2-ami-hvm-*-x86_64-gp2"]},{"name":"virtualization-type","values":["hvm"]}],"hypervisor":"xen","id":"ami-04681a1dbd79675a5","image_id":"ami-04681a1dbd79675a5","image_location":"amazon/amzn2-ami-hvm-2.0.20180810-x86_64-gp2","image_owner_alias":"amazon","image_type":"machine","imds_support":"","include_deprecated":false,"kernel_id":"None","last_launched_time":"","most_recent":true,"name":"amzn2-ami-hvm-2.0.20180810-x86_64-gp2","name_regex":null,"owner_id":"137112412989","owners":["amazon"],"platform":"Linux/UNIX","platform_details":"","product_codes":[],"public":true,"ramdisk_id":"ari-1a2b3c4d","root_device_name":"/dev/xvda","root_device_type":"ebs","root_snapshot_id":"snap-a0fd3dae1479c0aa9","sriov_net_support":"","state":"available","state_reason":{"code":"UNSET","message":"UNSET"},"tags":{},"timeouts":null,"tpm_support":"","uefi_data":null,"usage_operation":"","virtualization_type":"hvm"},"sensitive_values":{"block_device_mappings":[{"ebs":{}}],"filter":[{"values":[false]},{"values":[false]}],"owners":[false],"product_codes":[],"state_reason":{},"tags":{}}},{"address":"data.aws_availability_zones.available","mode":"data","type":"aws_availability_zones","name":"available","provider_name":"registry.terraform.io/hashicorp/aws","schema_version":0,"values":{"all_availability_zones":null,"exclude_names":null,"exclude_zone_ids":null,"filter":null,"group_names":[""],"id":"us-east-1","names":["us-east-1a","us-east-1b","us-east-1c","us-east-1d","us-east-1e","us-east-1f"],"state":"available","timeouts":null,"zone_ids":["use1-az6","use1-az1","use1-az2","use1-az4","use1-az3","use1-az5"]},"sensitive_values":{"group_names":[false],"names":[false,false,false,false,false,false],"zone_ids":[false,false,false,false,false,false]}},{"address":"aws_instance.web","mode":"managed","type":"aws_instance","name":"web","provider_name":"registry.terraform.io/hashicorp/aws","schema_version":1,"values":{"ami":"ami-04681a1dbd79675a5","arn":"arn:aws:ec2:us-east-1::instance/i-7efb65299c12fc069","associate_public_ip_address":true,"availability_zone":"us-east-1a","capacity_reservation_specification":[],"cpu_core_count":null,"cpu_options":[],"cpu_threads_per_core":null,"credit_specification":[],"disable_api_stop":false,"disable_api_termination":false,"ebs_block_device":[],"ebs_optimized":false,"enable_primary_ipv6":null,"enclave_options":[],"ephemeral_block_device":[],"get_password_data":false,"hibernation":false,"host_id":"","host_resource_group_arn":null,"iam_instance_profile":"","id":"i-7efb65299c12fc069","instance_initiated_shutdown_behavior":"stop","instance_lifecycle":"","instance_market_options":[],"instance_state":"running","instance_type":"t3.micro","ipv6_address_count":0,"ipv6_addresses":[],"key_name":"","launch_template":[],"maintenance_options":[],"metadata_options":[{"http_endpoint":"enabled","http_protocol_ipv6":"disabled","http_put_response_hop_limit":1,"http_tokens":"optional","instance_metadata_tags":"disabled"}],"monitoring":false,"network_interface":[],"outpost_arn":"","password_data":"","placement_group":"","placement_partition_number":0,"primary_network_interface_id":"eni-13f1632980fc69479","private_dns":"ip-10-0-1-4.ec2.internal","private_dns_name_options":[],"private_ip":"10.0.1.4","public_dns":"ec2-54-214-3-193.compute-1.amazonaws.com","public_ip":"54.214.3.193","root_block_device":[{"delete_on_termination":true,"device_name":"/dev/sda1","encrypted":false,"iops":0,"kms_key_id":"","tags":{"Environment":"workshop","ManagedBy":"Terraform","Project":"terraform-atlantis-workshop","Provider":"LocalStack"},"tags_all":{"Environment":"workshop","ManagedBy":"Terraform","Project":"terraform-atlantis-workshop","Provider":"LocalStack"},"throughput":0,"volume_id":"vol-e469c3532e609ae29","volume_size":8,"volume_type":"gp2"}],"secondary_private_ips":[],"security_groups":[],"source_dest_check":true,"spot_instance_request_id":"","subnet_id":"subnet-e85e6f3485bbbd220","tags":{"Environment":"workshop","Name":"terraform-atlantis-workshop-web-server","Owner":"workshop-participant","TestTag":"atlantis-workflow-test","Timestamp":"2025-07-21-0257"},"tags_all":{"Environment":"workshop","ManagedBy":"Terraform","Name":"terraform-atlantis-workshop-web-server","Owner":"workshop-participant","Project":"terraform-atlantis-workshop","Provider":"LocalStack","TestTag":"atlantis-workflow-test","Timestamp":"2025-07-21-0257"},"tenancy":"default","timeouts":null,"user_data":"19ceb93fa665a387fc58c4e64e152457b0fe5a93","user_data_base64":null,"user_data_replace_on_change":false,"volume_tags":null,"vpc_security_group_ids":["sg-4b4603de0264601db"]},"sensitive_values":{"capacity_reservation_specification":[],"cpu_options":[],"credit_specification":[],"ebs_block_device":[],"enclave_options":[],"ephemeral_block_device":[],"instance_market_options":[],"ipv6_addresses":[],"launch_template":[],"maintenance_options":[],"metadata_options":[{}],"network_interface":[],"private_dns_name_options":[],"root_block_device":[{"tags":{},"tags_all":{}}],"secondary_private_ips":[],"security_groups":[],"tags":{},"tags_all":{},"vpc_security_group_ids":[false]},"depends_on":["aws_security_group.web","aws_subnet.public","aws_vpc.main","data.aws_ami.amazon_linux","data.aws_availability_zones.available"]},{"address":"aws_internet_gateway.main","mode":"managed","type":"aws_internet_gateway","name":"main","provider_name":"registry.terraform.io/hashicorp/aws","schema_version":0,"values":{"arn":"arn:aws:ec2:us-east-1:000000000000:internet-gateway/igw-34f8eecf16b63061b","id":"igw-34f8eecf16b63061b","owner_id":"000000000000","tags":{"Name":"terraform-atlantis-workshop-igw"},"tags_all":{"Environment":"workshop","ManagedBy":"Terraform","Name":"terraform-atlantis-workshop-igw","Project":"terraform-atlantis-workshop","Provider":"LocalStack"},"timeouts":null,"vpc_id":"vpc-33c3188b14f9b1db1"},"sensitive_values":{"tags":{},"tags_all":{}},"depends_on":["aws_vpc.main"]},{"address":"aws_route_table.public","mode":"managed","type":"aws_route_table","name":"public","provider_name":"registry.terraform.io/hashicorp/aws","schema_version":0,"values":{"arn":"arn:aws:ec2:us-east-1:000000000000:route-table/rtb-31c4667bdc986d29f","id":"rtb-31c4667bdc986d29f","owner_id":"000000000000","propagating_vgws":[],"route":[{"carrier_gateway_id":"","cidr_block":"0.0.0.0/0","core_network_arn":"","destination_prefix_list_id":"","egress_only_gateway_id":"","gateway_id":"igw-34f8eecf16b63061b","ipv6_cidr_block":"","local_gateway_id":"","nat_gateway_id":"","network_interface_id":"","transit_gateway_id":"","vpc_endpoint_id":"","vpc_peering_connection_id":""}],"tags":{"Name":"terraform-atlantis-workshop-public-rt"},"tags_all":{"Environment":"workshop","ManagedBy":"Terraform","Name":"terraform-atlantis-workshop-public-rt","Project":"terraform-atlantis-workshop","Provider":"LocalStack"},"timeouts":null,"vpc_id":"vpc-33c3188b14f9b1db1"},"sensitive_values":{"propagating_vgws":[],"route":[{}],"tags":{},"tags_all":{}},"depends_on":["aws_internet_gateway.main","aws_vpc.main"]},{"address":"aws_route_table_association.public","mode":"managed","type":"aws_route_table_association","name":"public","provider_name":"registry.terraform.io/hashicorp/aws","schema_version":0,"values":{"gateway_id":"","id":"rtbassoc-b7495887032576c5d","route_table_id":"rtb-31c4667bdc986d29f","subnet_id":"subnet-e85e6f3485bbbd220","timeouts":null},"sensitive_values":{},"depends_on":["aws_internet_gateway.main","aws_route_table.public","aws_subnet.public","aws_vpc.main","data.aws_availability_zones.available"]},{"address":"aws_s3_bucket.workshop","mode":"managed","type":"aws_s3_bucket","name":"workshop","provider_name":"registry.terraform.io/hashicorp/aws","schema_version":0,"values":{"acceleration_status":"","acl":null,"arn":"arn:aws:s3:::terraform-atlantis-workshop-workshop-bucket","bucket":"terraform-atlantis-workshop-workshop-bucket","bucket_domain_name":"terraform-atlantis-workshop-workshop-bucket.s3.amazonaws.com","bucket_prefix":"","bucket_regional_domain_name":"terraform-atlantis-workshop-workshop-bucket.s3.us-east-1.amazonaws.com","cors_rule":[],"force_destroy":false,"grant":[{"id":"75aa57f09aa0c8caeab4f8c24e99d10f8e7faeebf76c078efc7c6caea54ba06a","permissions":["FULL_CONTROL"],"type":"CanonicalUser","uri":""}],"hosted_zone_id":"Z3AQBSTGFYJSTF","id":"terraform-atlantis-workshop-workshop-bucket","lifecycle_rule":[],"logging":[],"object_lock_configuration":[],"object_lock_enabled":false,"policy":"","region":"us-east-1","replication_configuration":[],"request_payer":"BucketOwner","server_side_encryption_configuration":[{"rule":[{"apply_server_side_encryption_by_default":[{"kms_master_key_id":"","sse_algorithm":"AES256"}],"bucket_key_enabled":false}]}],"tags":{"Name":"terraform-atlantis-workshop-workshop-bucket"},"tags_all":{"Environment":"workshop","ManagedBy":"Terraform","Name":"terraform-atlantis-workshop-workshop-bucket","Project":"terraform-atlantis-workshop","Provider":"LocalStack"},"timeouts":null,"versioning":[{"enabled":true,"mfa_delete":false}],"website":[],"website_domain":null,"website_endpoint":null},"sensitive_values":{"cors_rule":[],"grant":[{"permissions":[false]}],"lifecycle_rule":[],"logging":[],"object_lock_configuration":[],"replication_configuration":[],"server_side_encryption_configuration":[{"rule":[{"apply_server_side_encryption_by_default":[{}]}]}],"tags":{},"tags_all":{},"versioning":[{}],"website":[]}},{"address":"aws_s3_bucket_versioning.workshop","mode":"managed","type":"aws_s3_bucket_versioning","name":"workshop","provider_name":"registry.terraform.io/hashicorp/aws","schema_version":0,"values":{"bucket":"terraform-atlantis-workshop-workshop-bucket","expected_bucket_owner":"","id":"terraform-atlantis-workshop-workshop-bucket","mfa":null,"versioning_configuration":[{"mfa_delete":"","status":"Enabled"}]},"sensitive_values":{"versioning_configuration":[{}]},"depends_on":["aws_s3_bucket.workshop"]},{"address":"aws_security_group.web","mode":"managed","type":"aws_security_group","name":"web","provider_name":"registry.terraform.io/hashicorp/aws","schema_version":1,"values":{"arn":"arn:aws:ec2:us-east-1:000000000000:security-group/sg-4b4603de0264601db","description":"Security group for web servers","egress":[{"cidr_blocks":["0.0.0.0/0"],"description":"","from_port":0,"ipv6_cidr_blocks":[],"prefix_list_ids":[],"protocol":"-1","security_groups":[],"self":false,"to_port":0}],"id":"sg-4b4603de0264601db","ingress":[{"cidr_blocks":["0.0.0.0/0"],"description":"HTTP","from_port":80,"ipv6_cidr_blocks":[],"prefix_list_ids":[],"protocol":"tcp","security_groups":[],"self":false,"to_port":80},{"cidr_blocks":["0.0.0.0/0"],"description":"HTTPS","from_port":443,"ipv6_cidr_blocks":[],"prefix_list_ids":[],"protocol":"tcp","security_groups":[],"self":false,"to_port":443},{"cidr_blocks":["0.0.0.0/0"],"description":"SSH","from_port":22,"ipv6_cidr_blocks":[],"prefix_list_ids":[],"protocol":"tcp","security_groups":[],"self":false,"to_port":22}],"name":"terraform-atlantis-workshop-web-sg","name_prefix":"","owner_id":"000000000000","revoke_rules_on_delete":false,"tags":{"Name":"terraform-atlantis-workshop-web-sg"},"tags_all":{"Environment":"workshop","ManagedBy":"Terraform","Name":"terraform-atlantis-workshop-web-sg","Project":"terraform-atlantis-workshop","Provider":"LocalStack"},"timeouts":null,"vpc_id":"vpc-33c3188b14f9b1db1"},"sensitive_values":{"egress":[{"cidr_blocks":[false],"ipv6_cidr_blocks":[],"prefix_list_ids":[],"security_groups":[]}],"ingress":[{"cidr_blocks":[false],"ipv6_cidr_blocks":[],"prefix_list_ids":[],"security_groups":[]},{"cidr_blocks":[false],"ipv6_cidr_blocks":[],"prefix_list_ids":[],"security_groups":[]},{"cidr_blocks":[false],"ipv6_cidr_blocks":[],"prefix_list_ids":[],"security_groups":[]}],"tags":{},"tags_all":{}},"depends_on":["aws_vpc.main"]},{"address":"aws_subnet.private","mode":"managed","type":"aws_subnet","name":"private","provider_name":"registry.terraform.io/hashicorp/aws","schema_version":1,"values":{"arn":"arn:aws:ec2:us-east-1:000000000000:subnet/subnet-b1510849994ddcdc7","assign_ipv6_address_on_creation":false,"availability_zone":"us-east-1b","availability_zone_id":"use1-az1","cidr_block":"10.0.2.0/24","customer_owned_ipv4_pool":"","enable_dns64":false,"enable_lni_at_device_index":0,"enable_resource_name_dns_a_record_on_launch":false,"enable_resource_name_dns_aaaa_record_on_launch":false,"id":"subnet-b1510849994ddcdc7","ipv6_cidr_block":"","ipv6_cidr_block_association_id":"","ipv6_native":false,"map_customer_owned_ip_on_launch":false,"map_public_ip_on_launch":false,"outpost_arn":"","owner_id":"000000000000","private_dns_hostname_type_on_launch":"ip-name","tags":{"Name":"terraform-atlantis-workshop-private-subnet","Type":"Private"},"tags_all":{"Environment":"workshop","ManagedBy":"Terraform","Name":"terraform-atlantis-workshop-private-subnet","Project":"terraform-atlantis-workshop","Provider":"LocalStack","Type":"Private"},"timeouts":null,"vpc_id":"vpc-33c3188b14f9b1db1"},"sensitive_values":{"tags":{},"tags_all":{}},"depends_on":["aws_vpc.main","data.aws_availability_zones.available"]},{"address":"aws_subnet.public","mode":"managed","type":"aws_subnet","name":"public","provider_name":"registry.terraform.io/hashicorp/aws","schema_version":1,"values":{"arn":"arn:aws:ec2:us-east-1:000000000000:subnet/subnet-e85e6f3485bbbd220","assign_ipv6_address_on_creation":false,"availability_zone":"us-east-1a","availability_zone_id":"use1-az6","cidr_block":"10.0.1.0/24","customer_owned_ipv4_pool":"","enable_dns64":false,"enable_lni_at_device_index":0,"enable_resource_name_dns_a_record_on_launch":false,"enable_resource_name_dns_aaaa_record_on_launch":false,"id":"subnet-e85e6f3485bbbd220","ipv6_cidr_block":"","ipv6_cidr_block_association_id":"","ipv6_native":false,"map_customer_owned_ip_on_launch":false,"map_public_ip_on_launch":true,"outpost_arn":"","owner_id":"000000000000","private_dns_hostname_type_on_launch":"ip-name","tags":{"Name":"terraform-atlantis-workshop-public-subnet","Type":"Public"},"tags_all":{"Environment":"workshop","ManagedBy":"Terraform","Name":"terraform-atlantis-workshop-public-subnet","Project":"terraform-atlantis-workshop","Provider":"LocalStack","Type":"Public"},"timeouts":null,"vpc_id":"vpc-33c3188b14f9b1db1"},"sensitive_values":{"tags":{},"tags_all":{}},"depends_on":["aws_vpc.main","data.aws_availability_zones.available"]},{"address":"aws_vpc.main","mode":"managed","type":"aws_vpc","name":"main","provider_name":"registry.terraform.io/hashicorp/aws","schema_version":1,"values":{"arn":"arn:aws:ec2:us-east-1:000000000000:vpc/vpc-33c3188b14f9b1db1","assign_generated_ipv6_cidr_block":false,"cidr_block":"10.0.0.0/16","default_network_acl_id":"acl-dbe8a846e8a5cbf2d","default_route_table_id":"rtb-86c3d5670f6a6d7ba","default_security_group_id":"sg-da85b0c4d8810b236","dhcp_options_id":"default","enable_dns_hostnames":true,"enable_dns_support":true,"enable_network_address_usage_metrics":false,"id":"vpc-33c3188b14f9b1db1","instance_tenancy":"default","ipv4_ipam_pool_id":null,"ipv4_netmask_length":null,"ipv6_association_id":"","ipv6_cidr_block":"","ipv6_cidr_block_network_border_group":"","ipv6_ipam_pool_id":"","ipv6_netmask_length":0,"main_route_table_id":"rtb-86c3d5670f6a6d7ba","owner_id":"000000000000","tags":{"Name":"terraform-atlantis-workshop-vpc"},"tags_all":{"Environment":"workshop","ManagedBy":"Terraform","Name":"terraform-atlantis-workshop-vpc","Project":"terraform-atlantis-workshop","Provider":"LocalStack"}},"sensitive_values":{"tags":{},"tags_all":{}}}]}}},"configuration":{"provider_config":{"aws":{"name":"aws","full_name":"registry.terraform.io/hashicorp/aws","version_constraint":"~\u003e 5.100","expressions":{"access_key":{"constant_value":"test"},"default_tags":[{"tags":{"references":["var.environment","var.project_name"]}}],"endpoints":[{"apigateway":{"constant_value":"http://localhost:4566"},"cloudwatch":{"constant_value":"http://localhost:4566"},"ec2":{"constant_value":"http://localhost:4566"},"iam":{"constant_value":"http://localhost:4566"},"lambda":{"constant_value":"http://localhost:4566"},"logs":{"constant_value":"http://localhost:4566"},"rds":{"constant_value":"http://localhost:4566"},"s3":{"constant_value":"http://localhost:4566"},"sts":{"constant_value":"http://localhost:4566"}}],"region":{"references":["var.region"]},"s3_use_path_style":{"constant_value":true},"secret_key":{"constant_value":"test"},"skip_credentials_validation":{"constant_value":true},"skip_metadata_api_check":{"constant_value":true},"skip_requesting_account_id":{"constant_value":true}}}},"root_module":{"outputs":{"instance_id":{"expression":{"references":["aws_instance.web.id","aws_instance.web"]},"description":"ID of the EC2 instance"},"instance_public_dns":{"expression":{"references":["aws_instance.web.public_dns","aws_instance.web"]},"description":"Public DNS name of the EC2 instance"},"instance_public_ip":{"expression":{"references":["aws_instance.web.public_ip","aws_instance.web"]},"description":"Public IP address of the EC2 instance"},"private_subnet_id":{"expression":{"references":["aws_subnet.private.id","aws_subnet.private"]},"description":"ID of the private subnet"},"public_subnet_id":{"expression":{"references":["aws_subnet.public.id","aws_subnet.public"]},"description":"ID of the public subnet"},"s3_bucket_arn":{"expression":{"references":["aws_s3_bucket.workshop.arn","aws_s3_bucket.workshop"]},"description":"ARN of the S3 bucket"},"s3_bucket_domain_name":{"expression":{"references":["aws_s3_bucket.workshop.bucket_domain_name","aws_s3_bucket.workshop"]},"description":"Domain name of the S3 bucket"},"s3_bucket_id":{"expression":{"references":["aws_s3_bucket.workshop.id","aws_s3_bucket.workshop"]},"description":"ID of the S3 bucket"},"security_group_id":{"expression":{"references":["aws_security_group.web.id","aws_security_group.web"]},"description":"ID of the security group"},"vpc_id":{"expression":{"references":["aws_vpc.main.id","aws_vpc.main"]},"description":"ID of the VPC"},"website_url":{"expression":{"references":["aws_instance.web.public_dns","aws_instance.web"]},"description":"URL of the website"}},"resources":[{"address":"aws_instance.policy_test_expensive","mode":"managed","type":"aws_instance","name":"policy_test_expensive","provider_config_key":"aws","expressions":{"ami":{"references":["data.aws_ami.amazon_linux.id","data.aws_ami.amazon_linux"]},"instance_type":{"constant_value":"m5.large"},"subnet_id":{"references":["aws_subnet.public.id","aws_subnet.public"]},"tags":{"constant_value":{"CostCenter":"workshop","Environment":"test","Name":"policy-test-expensive","Project":"terraform-atlantis-workshop"}},"vpc_security_group_ids":{"references":["aws_security_group.web.id","aws_security_group.web"]}},"schema_version":1},{"address":"aws_instance.policy_test_no_cost_tag","mode":"managed","type":"aws_instance","name":"policy_test_no_cost_tag","provider_config_key":"aws","expressions":{"ami":{"references":["data.aws_ami.amazon_linux.id","data.aws_ami.amazon_linux"]},"instance_type":{"constant_value":"t3.micro"},"subnet_id":{"references":["aws_subnet.public.id","aws_subnet.public"]},"tags":{"constant_value":{"Environment":"test","Name":"policy-test-no-cost-tag","Project":"terraform-atlantis-workshop"}},"vpc_security_group_ids":{"references":["aws_security_group.web.id","aws_security_group.web"]}},"schema_version":1},{"address":"aws_instance.web","mode":"managed","type":"aws_instance","name":"web","provider_config_key":"aws","expressions":{"ami":{"references":["data.aws_ami.amazon_linux.id","data.aws_ami.amazon_linux"]},"instance_type":{"references":["var.instance_type"]},"key_name":{"references":["var.key_pair_name","var.key_pair_name"]},"subnet_id":{"references":["aws_subnet.public.id","aws_subnet.public"]},"tags":{"references":["var.project_name","var.environment"]},"user_data":{"references":["var.project_name"]},"vpc_security_group_ids":{"references":["aws_security_group.web.id","aws_security_group.web"]}},"schema_version":1},{"address":"aws_internet_gateway.main","mode":"managed","type":"aws_internet_gateway","name":"main","provider_config_key":"aws","expressions":{"tags":{"references":["var.project_name"]},"vpc_id":{"references":["aws_vpc.main.id","aws_vpc.main"]}},"schema_version":0},{"address":"aws_route_table.public","mode":"managed","type":"aws_route_table","name":"public","provider_config_key":"aws","expressions":{"route":{"references":["aws_internet_gateway.main.id","aws_internet_gateway.main"]},"tags":{"references":["var.project_name"]},"vpc_id":{"references":["aws_vpc.main.id","aws_vpc.main"]}},"schema_version":0},{"address":"aws_route_table_association.public","mode":"managed","type":"aws_route_table_association","name":"public","provider_config_key":"aws","expressions":{"route_table_id":{"references":["aws_route_table.public.id","aws_route_table.public"]},"subnet_id":{"references":["aws_subnet.public.id","aws_subnet.public"]}},"schema_version":0},{"address":"aws_s3_bucket.policy_test_unencrypted","mode":"managed","type":"aws_s3_bucket","name":"policy_test_unencrypted","provider_config_key":"aws","expressions":{"bucket":{"constant_value":"terraform-atlantis-workshop-policy-test-unencrypted"},"tags":{"constant_value":{"CostCenter":"workshop","Environment":"test","Name":"policy-test-unencrypted","Project":"terraform-atlantis-workshop"}}},"schema_version":0},{"address":"aws_s3_bucket.workshop","mode":"managed","type":"aws_s3_bucket","name":"workshop","provider_config_key":"aws","expressions":{"bucket":{"references":["var.project_name","var.s3_bucket_suffix"]},"tags":{"references":["var.project_name","var.s3_bucket_suffix"]}},"schema_version":0},{"address":"aws_s3_bucket_versioning.workshop","mode":"managed","type":"aws_s3_bucket_versioning","name":"workshop","provider_config_key":"aws","expressions":{"bucket":{"references":["aws_s3_bucket.workshop.id","aws_s3_bucket.workshop"]},"versioning_configuration":[{"status":{"constant_value":"Enabled"}}]},"schema_version":0},{"address":"aws_security_group.policy_test_permissive","mode":"managed","type":"aws_security_group","name":"policy_test_permissive","provider_config_key":"aws","expressions":{"description":{"constant_value":"Test security group with policy violations"},"egress":{"constant_value":[{"cidr_blocks":["0.0.0.0/0"],"description":null,"from_port":0,"ipv6_cidr_blocks":null,"prefix_list_ids":null,"protocol":"-1","security_groups":null,"self":null,"to_port":0}]},"ingress":{"constant_value":[{"cidr_blocks":["0.0.0.0/0"],"description":"All ports - BAD POLICY VIOLATION!","from_port":0,"ipv6_cidr_blocks":null,"prefix_list_ids":null,"protocol":"tcp","security_groups":null,"self":null,"to_port":65535}]},"name_prefix":{"constant_value":"policy-test-permissive-"},"tags":{"constant_value":{"CostCenter":"workshop","Environment":"test","Name":"policy-test-permissive-sg","Project":"terraform-atlantis-workshop"}},"vpc_id":{"references":["aws_vpc.main.id","aws_vpc.main"]}},"schema_version":1},{"address":"aws_security_group.web","mode":"managed","type":"aws_security_group","name":"web","provider_config_key":"aws","expressions":{"description":{"constant_value":"Security group for web servers"},"egress":{"constant_value":[{"cidr_blocks":["0.0.0.0/0"],"description":null,"from_port":0,"ipv6_cidr_blocks":null,"prefix_list_ids":null,"protocol":"-1","security_groups":null,"self":null,"to_port":0}]},"ingress":{"constant_value":[{"cidr_blocks":["0.0.0.0/0"],"description":"HTTP","from_port":80,"ipv6_cidr_blocks":null,"prefix_list_ids":null,"protocol":"tcp","security_groups":null,"self":null,"to_port":80},{"cidr_blocks":["0.0.0.0/0"],"description":"HTTPS","from_port":443,"ipv6_cidr_blocks":null,"prefix_list_ids":null,"protocol":"tcp","security_groups":null,"self":null,"to_port":443},{"cidr_blocks":["0.0.0.0/0"],"description":"SSH","from_port":22,"ipv6_cidr_blocks":null,"prefix_list_ids":null,"protocol":"tcp","security_groups":null,"self":null,"to_port":22}]},"name":{"references":["var.project_name"]},"tags":{"references":["var.project_name"]},"vpc_id":{"references":["aws_vpc.main.id","aws_vpc.main"]}},"schema_version":1},{"address":"aws_subnet.private","mode":"managed","type":"aws_subnet","name":"private","provider_config_key":"aws","expressions":{"availability_zone":{"references":["data.aws_availability_zones.available.names[1]","data.aws_availability_zones.available.names","data.aws_availability_zones.available"]},"cidr_block":{"references":["var.private_subnet_cidr"]},"tags":{"references":["var.project_name"]},"vpc_id":{"references":["aws_vpc.main.id","aws_vpc.main"]}},"schema_version":1},{"address":"aws_subnet.public","mode":"managed","type":"aws_subnet","name":"public","provider_config_key":"aws","expressions":{"availability_zone":{"references":["data.aws_availability_zones.available.names[0]","data.aws_availability_zones.available.names","data.aws_availability_zones.available"]},"cidr_block":{"references":["var.public_subnet_cidr"]},"map_public_ip_on_launch":{"constant_value":true},"tags":{"references":["var.project_name"]},"vpc_id":{"references":["aws_vpc.main.id","aws_vpc.main"]}},"schema_version":1},{"address":"aws_vpc.main","mode":"managed","type":"aws_vpc","name":"main","provider_config_key":"aws","expressions":{"cidr_block":{"references":["var.vpc_cidr"]},"enable_dns_hostnames":{"constant_value":true},"enable_dns_support":{"constant_value":true},"tags":{"references":["var.project_name"]}},"schema_version":1},{"address":"data.aws_ami.amazon_linux","mode":"data","type":"aws_ami","name":"amazon_linux","provider_config_key":"aws","expressions":{"filter":[{"name":{"constant_value":"name"},"values":{"constant_value":["amzn2-ami-hvm-*-x86_64-gp2"]}},{"name":{"constant_value":"virtualization-type"},"values":{"constant_value":["hvm"]}}],"most_recent":{"constant_value":true},"owners":{"constant_value":["amazon"]}},"schema_version":0},{"address":"data.aws_availability_zones.available","mode":"data","type":"aws_availability_zones","name":"available","provider_config_key":"aws","expressions":{"state":{"constant_value":"available"}},"schema_version":0}],"variables":{"environment":{"default":"workshop","description":"Environment name"},"instance_type":{"default":"t3.micro","description":"EC2 instance type"},"key_pair_name":{"default":"","description":"Name of AWS key pair for EC2 access"},"private_subnet_cidr":{"default":"10.0.2.0/24","description":"CIDR block for private subnet"},"project_name":{"default":"terraform-atlantis-workshop","description":"Project name for resource naming"},"public_subnet_cidr":{"default":"10.0.1.0/24","description":"CIDR block for public subnet"},"region":{"default":"us-east-1","description":"AWS region"},"s3_bucket_suffix":{"default":"workshop-bucket","description":"Optional suffix for S3 bucket name to ensure uniqueness"},"vpc_cidr":{"default":"10.0.0.0/16","description":"CIDR block for VPC"}}}},"relevant_attributes":[{"resource":"data.aws_ami.amazon_linux","attribute":["id"]},{"resource":"aws_security_group.web","attribute":["id"]},{"resource":"aws_vpc.main","attribute":["id"]},{"resource":"aws_subnet.public","attribute":["id"]}],"timestamp":"2025-07-21T03:27:21Z","applyable":true,"complete":true,"errored":false}
